
Microsoft Visual Studio Solution File, Format Version 12.00
# Visual Studio Version 17
VisualStudioVersion = 17.4.33213.308
MinimumVisualStudioVersion = 10.0.40219.1
Project("{FAE04EC0-301F-11D3-BF4B-00C04F79EFBC}") = "ConsoleApp3", "ConsoleApp3\ConsoleApp3.csproj", "{0B4122B8-C5BB-49C8-B7F4-96EA7E371202}"
EndProject
Global
	GlobalSection(SolutionConfigurationPlatforms) = preSolution
		Debug|Any CPU = Debug|Any CPU
		Release|Any CPU = Release|Any CPU
	EndGlobalSection
	GlobalSection(ProjectConfigurationPlatforms) = postSolution
		{0B4122B8-C5BB-49C8-B7F4-96EA7E371202}.Debug|Any CPU.ActiveCfg = Debug|Any CPU
		{0B4122B8-C5BB-49C8-B7F4-96EA7E371202}.Debug|Any CPU.Build.0 = Debug|Any CPU
		{0B4122B8-C5BB-49C8-B7F4-96EA7E371202}.Release|Any CPU.ActiveCfg = Release|Any CPU
		{0B4122B8-C5BB-49C8-B7F4-96EA7E371202}.Release|Any CPU.Build.0 = Release|Any CPU
	EndGlobalSection
	GlobalSection(SolutionProperties) = preSolution
		HideSolutionNode = FALSE
	EndGlobalSection
	GlobalSection(ExtensibilityGlobals) = postSolution
		SolutionGuid = {0DF246E1-3759-4F03-9E47-6B5AB346CC06}
	EndGlobalSection
EndGlobal
